
Microsoft Visual Studio Solution File, Format Version 12.00
# Visual Studio 15
VisualStudioVersion = 15.0.28307.1000
MinimumVisualStudioVersion = 10.0.40219.1
Project("{FAE04EC0-301F-11D3-BF4B-00C04F79EFBC}") = "hackernews", "hackernews\hackernews.csproj", "{B86F014F-DF19-49B6-88E1-D8162E1E1183}"
EndProject
Project("{FAE04EC0-301F-11D3-BF4B-00C04F79EFBC}") = "ScraperTest", "ScraperTest\ScraperTest.csproj", "{5F7CC768-6C6C-4813-930C-D43E25E13865}"
EndProject
Global
	GlobalSection(SolutionConfigurationPlatforms) = preSolution
		Debug|Any CPU = Debug|Any CPU
		Release|Any CPU = Release|Any CPU
	EndGlobalSection
	GlobalSection(ProjectConfigurationPlatforms) = postSolution
		{B86F014F-DF19-49B6-88E1-D8162E1E1183}.Debug|Any CPU.ActiveCfg = Debug|Any CPU
		{B86F014F-DF19-49B6-88E1-D8162E1E1183}.Debug|Any CPU.Build.0 = Debug|Any CPU
		{B86F014F-DF19-49B6-88E1-D8162E1E1183}.Release|Any CPU.ActiveCfg = Release|Any CPU
		{B86F014F-DF19-49B6-88E1-D8162E1E1183}.Release|Any CPU.Build.0 = Release|Any CPU
		{5F7CC768-6C6C-4813-930C-D43E25E13865}.Debug|Any CPU.ActiveCfg = Debug|Any CPU
		{5F7CC768-6C6C-4813-930C-D43E25E13865}.Debug|Any CPU.Build.0 = Debug|Any CPU
		{5F7CC768-6C6C-4813-930C-D43E25E13865}.Release|Any CPU.ActiveCfg = Release|Any CPU
		{5F7CC768-6C6C-4813-930C-D43E25E13865}.Release|Any CPU.Build.0 = Release|Any CPU
	EndGlobalSection
	GlobalSection(SolutionProperties) = preSolution
		HideSolutionNode = FALSE
	EndGlobalSection
	GlobalSection(ExtensibilityGlobals) = postSolution
		SolutionGuid = {DEC0326F-4B1E-4A30-8008-5B86BA550BDB}
	EndGlobalSection
EndGlobal
